
Microsoft Visual Studio Solution File, Format Version 12.00
# Visual Studio Version 17
VisualStudioVersion = 17.5.2.0
MinimumVisualStudioVersion = 10.0.40219.1
Project("{FAE04EC0-301F-11D3-BF4B-00C04F79EFBC}") = "Archivé.API", "Archivé.API\Archivé.API.csproj", "{761D6833-BDC4-B200-D5EA-9729A03121F5}"
EndProject
Global
	GlobalSection(SolutionConfigurationPlatforms) = preSolution
		Debug|Any CPU = Debug|Any CPU
		Release|Any CPU = Release|Any CPU
	EndGlobalSection
	GlobalSection(ProjectConfigurationPlatforms) = postSolution
		{761D6833-BDC4-B200-D5EA-9729A03121F5}.Debug|Any CPU.ActiveCfg = Debug|Any CPU
		{761D6833-BDC4-B200-D5EA-9729A03121F5}.Debug|Any CPU.Build.0 = Debug|Any CPU
		{761D6833-BDC4-B200-D5EA-9729A03121F5}.Release|Any CPU.ActiveCfg = Release|Any CPU
		{761D6833-BDC4-B200-D5EA-9729A03121F5}.Release|Any CPU.Build.0 = Release|Any CPU
	EndGlobalSection
	GlobalSection(SolutionProperties) = preSolution
		HideSolutionNode = FALSE
	EndGlobalSection
	GlobalSection(ExtensibilityGlobals) = postSolution
		SolutionGuid = {C9316E90-44ED-4F66-8222-C241B4798B96}
	EndGlobalSection
EndGlobal
